
Microsoft Visual Studio Solution File, Format Version 12.00
# Visual Studio Version 16
VisualStudioVersion = 16.0.31025.194
MinimumVisualStudioVersion = 10.0.40219.1
Project("{FAE04EC0-301F-11D3-BF4B-00C04F79EFBC}") = "Jyu_CsvHelper_Sample", "Jyu_CsvHelper_Sample.csproj", "{591DDDA4-D1EB-49C4-BCEE-0ED5798CF154}"
EndProject
Global
	GlobalSection(SolutionConfigurationPlatforms) = preSolution
		Debug|Any CPU = Debug|Any CPU
		Release|Any CPU = Release|Any CPU
	EndGlobalSection
	GlobalSection(ProjectConfigurationPlatforms) = postSolution
		{591DDDA4-D1EB-49C4-BCEE-0ED5798CF154}.Debug|Any CPU.ActiveCfg = Debug|Any CPU
		{591DDDA4-D1EB-49C4-BCEE-0ED5798CF154}.Debug|Any CPU.Build.0 = Debug|Any CPU
		{591DDDA4-D1EB-49C4-BCEE-0ED5798CF154}.Release|Any CPU.ActiveCfg = Release|Any CPU
		{591DDDA4-D1EB-49C4-BCEE-0ED5798CF154}.Release|Any CPU.Build.0 = Release|Any CPU
	EndGlobalSection
	GlobalSection(SolutionProperties) = preSolution
		HideSolutionNode = FALSE
	EndGlobalSection
	GlobalSection(ExtensibilityGlobals) = postSolution
		SolutionGuid = {DBE752F4-ED1A-428A-9777-FC6A7EDE3699}
	EndGlobalSection
EndGlobal
